{
  "name": "vinyl-project",
  "version": "1.0.0",
  "lockfileVersion": 3,
  "requires": true,
  "packages": {
    "": {
      "name": "vinyl-project",
      "version": "1.0.0",
      "license": "ISC",
      "dependencies": {
        "zod": "^4.4.1"
      }
    },
    "node_modules/zod": {
      "version": "4.4.1",
      "resolved": "https://registry.npmjs.org/zod/-/zod-4.4.1.tgz",
      "integrity": "sha512-a6ENMBBGZBsnlSebQ/eKCguSBeGKSf4O7BPnqVPmYGtpBYI7VSqoVqw+QcB7kPRjbqPwhYTpFbVj/RqNz/CT0Q==",
      "license": "MIT",
      "funding": {
        "url": "https://github.com/sponsors/colinhacks"
      }
    }
  }
}
